
Microsoft Visual Studio Solution File, Format Version 12.00
# Visual Studio Version 16
VisualStudioVersion = 16.0.30711.63
MinimumVisualStudioVersion = 10.0.40219.1
Project("{FAE04EC0-301F-11D3-BF4B-00C04F79EFBC}") = "SendWithMailgun", "SendWithMailgun\SendWithMailgun.csproj", "{8D04764A-B233-47C8-A87C-B3C59E202802}"
EndProject
Project("{FAE04EC0-301F-11D3-BF4B-00C04F79EFBC}") = "Test", "Test\Test.csproj", "{E315B662-3B12-4BA0-A937-E0DF3BF279E8}"
EndProject
Project("{FAE04EC0-301F-11D3-BF4B-00C04F79EFBC}") = "Test.Shared", "Test.Shared\Test.Shared.csproj", "{EAEF17DB-FAC7-4A29-84B3-4AE385DD0434}"
EndProject
Project("{FAE04EC0-301F-11D3-BF4B-00C04F79EFBC}") = "Test.Automated", "Test.Automated\Test.Automated.csproj", "{C6CB45E1-0647-48A2-9459-D534515D02AD}"
EndProject
Project("{FAE04EC0-301F-11D3-BF4B-00C04F79EFBC}") = "Test.Xunit", "Test.Xunit\Test.Xunit.csproj", "{6BB3D42B-FF3B-408C-AA45-BB302D16EA35}"
EndProject
Project("{FAE04EC0-301F-11D3-BF4B-00C04F79EFBC}") = "Test.Nunit", "Test.Nunit\Test.Nunit.csproj", "{EA2186DC-1DCB-4336-8AAB-C773AB8024D5}"
EndProject
Global
	GlobalSection(SolutionConfigurationPlatforms) = preSolution
		Debug|Any CPU = Debug|Any CPU
		Debug|x64 = Debug|x64
		Debug|x86 = Debug|x86
		Release|Any CPU = Release|Any CPU
		Release|x64 = Release|x64
		Release|x86 = Release|x86
	EndGlobalSection
	GlobalSection(ProjectConfigurationPlatforms) = postSolution
		{8D04764A-B233-47C8-A87C-B3C59E202802}.Debug|Any CPU.ActiveCfg = Debug|Any CPU
		{8D04764A-B233-47C8-A87C-B3C59E202802}.Debug|Any CPU.Build.0 = Debug|Any CPU
		{8D04764A-B233-47C8-A87C-B3C59E202802}.Debug|x64.ActiveCfg = Debug|Any CPU
		{8D04764A-B233-47C8-A87C-B3C59E202802}.Debug|x64.Build.0 = Debug|Any CPU
		{8D04764A-B233-47C8-A87C-B3C59E202802}.Debug|x86.ActiveCfg = Debug|Any CPU
		{8D04764A-B233-47C8-A87C-B3C59E202802}.Debug|x86.Build.0 = Debug|Any CPU
		{8D04764A-B233-47C8-A87C-B3C59E202802}.Release|Any CPU.ActiveCfg = Release|Any CPU
		{8D04764A-B233-47C8-A87C-B3C59E202802}.Release|Any CPU.Build.0 = Release|Any CPU
		{8D04764A-B233-47C8-A87C-B3C59E202802}.Release|x64.ActiveCfg = Release|Any CPU
		{8D04764A-B233-47C8-A87C-B3C59E202802}.Release|x64.Build.0 = Release|Any CPU
		{8D04764A-B233-47C8-A87C-B3C59E202802}.Release|x86.ActiveCfg = Release|Any CPU
		{8D04764A-B233-47C8-A87C-B3C59E202802}.Release|x86.Build.0 = Release|Any CPU
		{E315B662-3B12-4BA0-A937-E0DF3BF279E8}.Debug|Any CPU.ActiveCfg = Debug|Any CPU
		{E315B662-3B12-4BA0-A937-E0DF3BF279E8}.Debug|Any CPU.Build.0 = Debug|Any CPU
		{E315B662-3B12-4BA0-A937-E0DF3BF279E8}.Debug|x64.ActiveCfg = Debug|Any CPU
		{E315B662-3B12-4BA0-A937-E0DF3BF279E8}.Debug|x64.Build.0 = Debug|Any CPU
		{E315B662-3B12-4BA0-A937-E0DF3BF279E8}.Debug|x86.ActiveCfg = Debug|Any CPU
		{E315B662-3B12-4BA0-A937-E0DF3BF279E8}.Debug|x86.Build.0 = Debug|Any CPU
		{E315B662-3B12-4BA0-A937-E0DF3BF279E8}.Release|Any CPU.ActiveCfg = Release|Any CPU
		{E315B662-3B12-4BA0-A937-E0DF3BF279E8}.Release|Any CPU.Build.0 = Release|Any CPU
		{E315B662-3B12-4BA0-A937-E0DF3BF279E8}.Release|x64.ActiveCfg = Release|Any CPU
		{E315B662-3B12-4BA0-A937-E0DF3BF279E8}.Release|x64.Build.0 = Release|Any CPU
		{E315B662-3B12-4BA0-A937-E0DF3BF279E8}.Release|x86.ActiveCfg = Release|Any CPU
		{E315B662-3B12-4BA0-A937-E0DF3BF279E8}.Release|x86.Build.0 = Release|Any CPU
		{EAEF17DB-FAC7-4A29-84B3-4AE385DD0434}.Debug|Any CPU.ActiveCfg = Debug|Any CPU
		{EAEF17DB-FAC7-4A29-84B3-4AE385DD0434}.Debug|Any CPU.Build.0 = Debug|Any CPU
		{EAEF17DB-FAC7-4A29-84B3-4AE385DD0434}.Debug|x64.ActiveCfg = Debug|Any CPU
		{EAEF17DB-FAC7-4A29-84B3-4AE385DD0434}.Debug|x64.Build.0 = Debug|Any CPU
		{EAEF17DB-FAC7-4A29-84B3-4AE385DD0434}.Debug|x86.ActiveCfg = Debug|Any CPU
		{EAEF17DB-FAC7-4A29-84B3-4AE385DD0434}.Debug|x86.Build.0 = Debug|Any CPU
		{EAEF17DB-FAC7-4A29-84B3-4AE385DD0434}.Release|Any CPU.ActiveCfg = Release|Any CPU
		{EAEF17DB-FAC7-4A29-84B3-4AE385DD0434}.Release|Any CPU.Build.0 = Release|Any CPU
		{EAEF17DB-FAC7-4A29-84B3-4AE385DD0434}.Release|x64.ActiveCfg = Release|Any CPU
		{EAEF17DB-FAC7-4A29-84B3-4AE385DD0434}.Release|x64.Build.0 = Release|Any CPU
		{EAEF17DB-FAC7-4A29-84B3-4AE385DD0434}.Release|x86.ActiveCfg = Release|Any CPU
		{EAEF17DB-FAC7-4A29-84B3-4AE385DD0434}.Release|x86.Build.0 = Release|Any CPU
		{C6CB45E1-0647-48A2-9459-D534515D02AD}.Debug|Any CPU.ActiveCfg = Debug|Any CPU
		{C6CB45E1-0647-48A2-9459-D534515D02AD}.Debug|Any CPU.Build.0 = Debug|Any CPU
		{C6CB45E1-0647-48A2-9459-D534515D02AD}.Debug|x64.ActiveCfg = Debug|Any CPU
		{C6CB45E1-0647-48A2-9459-D534515D02AD}.Debug|x64.Build.0 = Debug|Any CPU
		{C6CB45E1-0647-48A2-9459-D534515D02AD}.Debug|x86.ActiveCfg = Debug|Any CPU
		{C6CB45E1-0647-48A2-9459-D534515D02AD}.Debug|x86.Build.0 = Debug|Any CPU
		{C6CB45E1-0647-48A2-9459-D534515D02AD}.Release|Any CPU.ActiveCfg = Release|Any CPU
		{C6CB45E1-0647-48A2-9459-D534515D02AD}.Release|Any CPU.Build.0 = Release|Any CPU
		{C6CB45E1-0647-48A2-9459-D534515D02AD}.Release|x64.ActiveCfg = Release|Any CPU
		{C6CB45E1-0647-48A2-9459-D534515D02AD}.Release|x64.Build.0 = Release|Any CPU
		{C6CB45E1-0647-48A2-9459-D534515D02AD}.Release|x86.ActiveCfg = Release|Any CPU
		{C6CB45E1-0647-48A2-9459-D534515D02AD}.Release|x86.Build.0 = Release|Any CPU
		{6BB3D42B-FF3B-408C-AA45-BB302D16EA35}.Debug|Any CPU.ActiveCfg = Debug|Any CPU
		{6BB3D42B-FF3B-408C-AA45-BB302D16EA35}.Debug|Any CPU.Build.0 = Debug|Any CPU
		{6BB3D42B-FF3B-408C-AA45-BB302D16EA35}.Debug|x64.ActiveCfg = Debug|Any CPU
		{6BB3D42B-FF3B-408C-AA45-BB302D16EA35}.Debug|x64.Build.0 = Debug|Any CPU
		{6BB3D42B-FF3B-408C-AA45-BB302D16EA35}.Debug|x86.ActiveCfg = Debug|Any CPU
		{6BB3D42B-FF3B-408C-AA45-BB302D16EA35}.Debug|x86.Build.0 = Debug|Any CPU
		{6BB3D42B-FF3B-408C-AA45-BB302D16EA35}.Release|Any CPU.ActiveCfg = Release|Any CPU
		{6BB3D42B-FF3B-408C-AA45-BB302D16EA35}.Release|Any CPU.Build.0 = Release|Any CPU
		{6BB3D42B-FF3B-408C-AA45-BB302D16EA35}.Release|x64.ActiveCfg = Release|Any CPU
		{6BB3D42B-FF3B-408C-AA45-BB302D16EA35}.Release|x64.Build.0 = Release|Any CPU
		{6BB3D42B-FF3B-408C-AA45-BB302D16EA35}.Release|x86.ActiveCfg = Release|Any CPU
		{6BB3D42B-FF3B-408C-AA45-BB302D16EA35}.Release|x86.Build.0 = Release|Any CPU
		{EA2186DC-1DCB-4336-8AAB-C773AB8024D5}.Debug|Any CPU.ActiveCfg = Debug|Any CPU
		{EA2186DC-1DCB-4336-8AAB-C773AB8024D5}.Debug|Any CPU.Build.0 = Debug|Any CPU
		{EA2186DC-1DCB-4336-8AAB-C773AB8024D5}.Debug|x64.ActiveCfg = Debug|Any CPU
		{EA2186DC-1DCB-4336-8AAB-C773AB8024D5}.Debug|x64.Build.0 = Debug|Any CPU
		{EA2186DC-1DCB-4336-8AAB-C773AB8024D5}.Debug|x86.ActiveCfg = Debug|Any CPU
		{EA2186DC-1DCB-4336-8AAB-C773AB8024D5}.Debug|x86.Build.0 = Debug|Any CPU
		{EA2186DC-1DCB-4336-8AAB-C773AB8024D5}.Release|Any CPU.ActiveCfg = Release|Any CPU
		{EA2186DC-1DCB-4336-8AAB-C773AB8024D5}.Release|Any CPU.Build.0 = Release|Any CPU
		{EA2186DC-1DCB-4336-8AAB-C773AB8024D5}.Release|x64.ActiveCfg = Release|Any CPU
		{EA2186DC-1DCB-4336-8AAB-C773AB8024D5}.Release|x64.Build.0 = Release|Any CPU
		{EA2186DC-1DCB-4336-8AAB-C773AB8024D5}.Release|x86.ActiveCfg = Release|Any CPU
		{EA2186DC-1DCB-4336-8AAB-C773AB8024D5}.Release|x86.Build.0 = Release|Any CPU
	EndGlobalSection
	GlobalSection(SolutionProperties) = preSolution
		HideSolutionNode = FALSE
	EndGlobalSection
	GlobalSection(ExtensibilityGlobals) = postSolution
		SolutionGuid = {A2E2A295-8B87-4EC2-B5DB-9E4C5B1DD8AC}
	EndGlobalSection
EndGlobal
